// !$*UTF8*$!
{
	archiveVersion = 1;
	classes = {
	};
	objectVersion = 50;
	objects = {

/* Begin PBXBuildFile section */
		6947FB2E2482C2AF005F2A64 /* AppDelegate.swift in Sources */ = {isa = PBXBuildFile; fileRef = 6947FB2D2482C2AF005F2A64 /* AppDelegate.swift */; };
		6947FB302482C2AF005F2A64 /* SceneDelegate.swift in Sources */ = {isa = PBXBuildFile; fileRef = 6947FB2F2482C2AF005F2A64 /* SceneDelegate.swift */; };
		6947FB322482C2AF005F2A64 /* MainViewController.swift in Sources */ = {isa = PBXBuildFile; fileRef = 6947FB312482C2AF005F2A64 /* MainViewController.swift */; };
		6947FB352482C2AF005F2A64 /* Main.storyboard in Resources */ = {isa = PBXBuildFile; fileRef = 6947FB332482C2AF005F2A64 /* Main.storyboard */; };
		6947FB372482C2B9005F2A64 /* Assets.xcassets in Resources */ = {isa = PBXBuildFile; fileRef = 6947FB362482C2B9005F2A64 /* Assets.xcassets */; };
		6947FB3A2482C2B9005F2A64 /* LaunchScreen.storyboard in Resources */ = {isa = PBXBuildFile; fileRef = 6947FB382482C2B9005F2A64 /* LaunchScreen.storyboard */; };
		69CD92542484E497001A2A96 /* AboutRGBViewController.swift in Sources */ = {isa = PBXBuildFile; fileRef = 69CD92532484E497001A2A96 /* AboutRGBViewController.swift */; };
		69CD92572484E8EA001A2A96 /* WebKit.framework in Frameworks */ = {isa = PBXBuildFile; fileRef = 69CD92562484E8EA001A2A96 /* WebKit.framework */; };
/* End PBXBuildFile section */

/* Begin PBXFileReference section */
		6947FB2A2482C2AF005F2A64 /* Pickasso.app */ = {isa = PBXFileReference; explicitFileType = wrapper.application; includeInIndex = 0; path = Pickasso.app; sourceTree = BUILT_PRODUCTS_DIR; };
		6947FB2D2482C2AF005F2A64 /* AppDelegate.swift */ = {isa = PBXFileReference; lastKnownFileType = sourcecode.swift; path = AppDelegate.swift; sourceTree = "<group>"; };
		6947FB2F2482C2AF005F2A64 /* SceneDelegate.swift */ = {isa = PBXFileReference; lastKnownFileType = sourcecode.swift; path = SceneDelegate.swift; sourceTree = "<group>"; };
		6947FB312482C2AF005F2A64 /* MainViewController.swift */ = {isa = PBXFileReference; lastKnownFileType = sourcecode.swift; path = MainViewController.swift; sourceTree = "<group>"; };
		6947FB342482C2AF005F2A64 /* Base */ = {isa = PBXFileReference; lastKnownFileType = file.storyboard; name = Base; path = Base.lproj/Main.storyboard; sourceTree = "<group>"; };
		6947FB362482C2B9005F2A64 /* Assets.xcassets */ = {isa = PBXFileReference; lastKnownFileType = folder.assetcatalog; path = Assets.xcassets; sourceTree = "<group>"; };
		6947FB392482C2B9005F2A64 /* Base */ = {isa = PBXFileReference; lastKnownFileType = file.storyboard; name = Base; path = Base.lproj/LaunchScreen.storyboard; sourceTree = "<group>"; };
		6947FB3B2482C2B9005F2A64 /* Info.plist */ = {isa = PBXFileReference; lastKnownFileType = text.plist.xml; path = Info.plist; sourceTree = "<group>"; };
		69CD92532484E497001A2A96 /* AboutRGBViewController.swift */ = {isa = PBXFileReference; lastKnownFileType = sourcecode.swift; path = AboutRGBViewController.swift; sourceTree = "<group>"; };
		69CD92562484E8EA001A2A96 /* WebKit.framework */ = {isa = PBXFileReference; lastKnownFileType = wrapper.framework; name = WebKit.framework; path = System/Library/Frameworks/WebKit.framework; sourceTree = SDKROOT; };
/* End PBXFileReference section */

/* Begin PBXFrameworksBuildPhase section */
		6947FB272482C2AF005F2A64 /* Frameworks */ = {
			isa = PBXFrameworksBuildPhase;
			buildActionMask = 2147483647;
			files = (
				69CD92572484E8EA001A2A96 /* WebKit.framework in Frameworks */,
			);
			runOnlyForDeploymentPostprocessing = 0;
		};
/* End PBXFrameworksBuildPhase section */

/* Begin PBXGroup section */
		6947FB212482C2AE005F2A64 = {
			isa = PBXGroup;
			children = (
				6947FB2C2482C2AF005F2A64 /* Pickasso */,
				6947FB2B2482C2AF005F2A64 /* Products */,
				69CD92552484E8E9001A2A96 /* Frameworks */,
			);
			sourceTree = "<group>";
		};
		6947FB2B2482C2AF005F2A64 /* Products */ = {
			isa = PBXGroup;
			children = (
				6947FB2A2482C2AF005F2A64 /* Pickasso.app */,
			);
			name = Products;
			sourceTree = "<group>";
		};
		6947FB2C2482C2AF005F2A64 /* Pickasso */ = {
			isa = PBXGroup;
			children = (
				6947FB2D2482C2AF005F2A64 /* AppDelegate.swift */,
				6947FB2F2482C2AF005F2A64 /* SceneDelegate.swift */,
				6947FB312482C2AF005F2A64 /* MainViewController.swift */,
				69CD92532484E497001A2A96 /* AboutRGBViewController.swift */,
				6947FB332482C2AF005F2A64 /* Main.storyboard */,
				6947FB362482C2B9005F2A64 /* Assets.xcassets */,
				6947FB382482C2B9005F2A64 /* LaunchScreen.storyboard */,
				6947FB3B2482C2B9005F2A64 /* Info.plist */,
			);
			path = Pickasso;
			sourceTree = "<group>";
		};
		69CD92552484E8E9001A2A96 /* Frameworks */ = {
			isa = PBXGroup;
			children = (
				69CD92562484E8EA001A2A96 /* WebKit.framework */,
			);
			name = Frameworks;
			sourceTree = "<group>";
		};
/* End PBXGroup section */

/* Begin PBXNativeTarget section */
		6947FB292482C2AF005F2A64 /* Pickasso */ = {
			isa = PBXNativeTarget;
			buildConfigurationList = 6947FB3E2482C2B9005F2A64 /* Build configuration list for PBXNativeTarget "Pickasso" */;
			buildPhases = (
				6947FB262482C2AF005F2A64 /* Sources */,
				6947FB272482C2AF005F2A64 /* Frameworks */,
				6947FB282482C2AF005F2A64 /* Resources */,
				69D5B9F2248CD8780017885C /* Run SwiftLint */,
			);
			buildRules = (
			);
			dependencies = (
			);
			name = Pickasso;
			productName = Pickasso;
			productReference = 6947FB2A2482C2AF005F2A64 /* Pickasso.app */;
			productType = "com.apple.product-type.application";
		};
/* End PBXNativeTarget section */

/* Begin PBXProject section */
		6947FB222482C2AE005F2A64 /* Project object */ = {
			isa = PBXProject;
			attributes = {
				LastSwiftUpdateCheck = 1140;
				LastUpgradeCheck = 1140;
				ORGANIZATIONNAME = "Johandre Delgado ";
				TargetAttributes = {
					6947FB292482C2AF005F2A64 = {
						CreatedOnToolsVersion = 11.4.1;
					};
				};
			};
			buildConfigurationList = 6947FB252482C2AE005F2A64 /* Build configuration list for PBXProject "Pickasso" */;
			compatibilityVersion = "Xcode 9.3";
			developmentRegion = en;
			hasScannedForEncodings = 0;
			knownRegions = (
				en,
				Base,
			);
			mainGroup = 6947FB212482C2AE005F2A64;
			productRefGroup = 6947FB2B2482C2AF005F2A64 /* Products */;
			projectDirPath = "";
			projectRoot = "";
			targets = (
				6947FB292482C2AF005F2A64 /* Pickasso */,
			);
		};
/* End PBXProject section */

/* Begin PBXResourcesBuildPhase section */
		6947FB282482C2AF005F2A64 /* Resources */ = {
			isa = PBXResourcesBuildPhase;
			buildActionMask = 2147483647;
			files = (
				6947FB3A2482C2B9005F2A64 /* LaunchScreen.storyboard in Resources */,
				6947FB372482C2B9005F2A64 /* Assets.xcassets in Resources */,
				6947FB352482C2AF005F2A64 /* Main.storyboard in Resources */,
			);
			runOnlyForDeploymentPostprocessing = 0;
		};
/* End PBXResourcesBuildPhase section */

/* Begin PBXShellScriptBuildPhase section */
		69D5B9F2248CD8780017885C /* Run SwiftLint */ = {
			isa = PBXShellScriptBuildPhase;
			buildActionMask = 2147483647;
			files = (
			);
			inputFileListPaths = (
			);
			inputPaths = (
			);
			name = "Run SwiftLint";
			outputFileListPaths = (
			);
			outputPaths = (
			);
			runOnlyForDeploymentPostprocessing = 0;
			shellPath = /bin/sh;
			shellScript = "if which swiftlint >/dev/null; then\n  swiftlint\nelse\n  echo \"warning: SwiftLint not installed, download from https://github.com/realm/SwiftLint\"\nfi\n";
		};
/* End PBXShellScriptBuildPhase section */

/* Begin PBXSourcesBuildPhase section */
		6947FB262482C2AF005F2A64 /* Sources */ = {
			isa = PBXSourcesBuildPhase;
			buildActionMask = 2147483647;
			files = (
				69CD92542484E497001A2A96 /* AboutRGBViewController.swift in Sources */,
				6947FB322482C2AF005F2A64 /* MainViewController.swift in Sources */,
				6947FB2E2482C2AF005F2A64 /* AppDelegate.swift in Sources */,
				6947FB302482C2AF005F2A64 /* SceneDelegate.swift in Sources */,
			);
			runOnlyForDeploymentPostprocessing = 0;
		};
/* End PBXSourcesBuildPhase section */

/* Begin PBXVariantGroup section */
		6947FB332482C2AF005F2A64 /* Main.storyboard */ = {
			isa = PBXVariantGroup;
			children = (
				6947FB342482C2AF005F2A64 /* Base */,
			);
			name = Main.storyboard;
			sourceTree = "<group>";
		};
		6947FB382482C2B9005F2A64 /* LaunchScreen.storyboard */ = {
			isa = PBXVariantGroup;
			children = (
				6947FB392482C2B9005F2A64 /* Base */,
			);
			name = LaunchScreen.storyboard;
			sourceTree = "<group>";
		};
/* End PBXVariantGroup section */

/* Begin XCBuildConfiguration section */
		6947FB3C2482C2B9005F2A64 /* Debug */ = {
			isa = XCBuildConfiguration;
			buildSettings = {
				ALWAYS_SEARCH_USER_PATHS = NO;
				CLANG_ANALYZER_NONNULL = YES;
				CLANG_ANALYZER_NUMBER_OBJECT_CONVERSION = YES_AGGRESSIVE;
				CLANG_CXX_LANGUAGE_STANDARD = "gnu++14";
				CLANG_CXX_LIBRARY = "libc++";
				CLANG_ENABLE_MODULES = YES;
				CLANG_ENABLE_OBJC_ARC = YES;
				CLANG_ENABLE_OBJC_WEAK = YES;
				CLANG_WARN_BLOCK_CAPTURE_AUTORELEASING = YES;
				CLANG_WARN_BOOL_CONVERSION = YES;
				CLANG_WARN_COMMA = YES;
				CLANG_WARN_CONSTANT_CONVERSION = YES;
				CLANG_WARN_DEPRECATED_OBJC_IMPLEMENTATIONS = YES;
				CLANG_WARN_DIRECT_OBJC_ISA_USAGE = YES_ERROR;
				CLANG_WARN_DOCUMENTATION_COMMENTS = YES;
				CLANG_WARN_EMPTY_BODY = YES;
				CLANG_WARN_ENUM_CONVERSION = YES;
				CLANG_WARN_INFINITE_RECURSION = YES;
				CLANG_WARN_INT_CONVERSION = YES;
				CLANG_WARN_NON_LITERAL_NULL_CONVERSION = YES;
				CLANG_WARN_OBJC_IMPLICIT_RETAIN_SELF = YES;
				CLANG_WARN_OBJC_LITERAL_CONVERSION = YES;
				CLANG_WARN_OBJC_ROOT_CLASS = YES_ERROR;
				CLANG_WARN_RANGE_LOOP_ANALYSIS = YES;
				CLANG_WARN_STRICT_PROTOTYPES = YES;
				CLANG_WARN_SUSPICIOUS_MOVE = YES;
				CLANG_WARN_UNGUARDED_AVAILABILITY = YES_AGGRESSIVE;
				CLANG_WARN_UNREACHABLE_CODE = YES;
				CLANG_WARN__DUPLICATE_METHOD_MATCH = YES;
				COPY_PHASE_STRIP = NO;
				DEBUG_INFORMATION_FORMAT = dwarf;
				ENABLE_STRICT_OBJC_MSGSEND = YES;
				ENABLE_TESTABILITY = YES;
				GCC_C_LANGUAGE_STANDARD = gnu11;
				GCC_DYNAMIC_NO_PIC = NO;
				GCC_NO_COMMON_BLOCKS = YES;
				GCC_OPTIMIZATION_LEVEL = 0;
				GCC_PREPROCESSOR_DEFINITIONS = (
					"DEBUG=1",
					"$(inherited)",
				);
				GCC_WARN_64_TO_32_BIT_CONVERSION = YES;
				GCC_WARN_ABOUT_RETURN_TYPE = YES_ERROR;
				GCC_WARN_UNDECLARED_SELECTOR = YES;
				GCC_WARN_UNINITIALIZED_AUTOS = YES_AGGRESSIVE;
				GCC_WARN_UNUSED_FUNCTION = YES;
				GCC_WARN_UNUSED_VARIABLE = YES;
				IPHONEOS_DEPLOYMENT_TARGET = 13.4;
				MTL_ENABLE_DEBUG_INFO = INCLUDE_SOURCE;
				MTL_FAST_MATH = YES;
				ONLY_ACTIVE_ARCH = YES;
				SDKROOT = iphoneos;
				SWIFT_ACTIVE_COMPILATION_CONDITIONS = DEBUG;
				SWIFT_OPTIMIZATION_LEVEL = "-Onone";
			};
			name = Debug;
		};
		6947FB3D2482C2B9005F2A64 /* Release */ = {
			isa = XCBuildConfiguration;
			buildSettings = {
				ALWAYS_SEARCH_USER_PATHS = NO;
				CLANG_ANALYZER_NONNULL = YES;
				CLANG_ANALYZER_NUMBER_OBJECT_CONVERSION = YES_AGGRESSIVE;
				CLANG_CXX_LANGUAGE_STANDARD = "gnu++14";
				CLANG_CXX_LIBRARY = "libc++";
				CLANG_ENABLE_MODULES = YES;
				CLANG_ENABLE_OBJC_ARC = YES;
				CLANG_ENABLE_OBJC_WEAK = YES;
				CLANG_WARN_BLOCK_CAPTURE_AUTORELEASING = YES;
				CLANG_WARN_BOOL_CONVERSION = YES;
				CLANG_WARN_COMMA = YES;
				CLANG_WARN_CONSTANT_CONVERSION = YES;
				CLANG_WARN_DEPRECATED_OBJC_IMPLEMENTATIONS = YES;
				CLANG_WARN_DIRECT_OBJC_ISA_USAGE = YES_ERROR;
				CLANG_WARN_DOCUMENTATION_COMMENTS = YES;
				CLANG_WARN_EMPTY_BODY = YES;
				CLANG_WARN_ENUM_CONVERSION = YES;
				CLANG_WARN_INFINITE_RECURSION = YES;
				CLANG_WARN_INT_CONVERSION = YES;
				CLANG_WARN_NON_LITERAL_NULL_CONVERSION = YES;
				CLANG_WARN_OBJC_IMPLICIT_RETAIN_SELF = YES;
				CLANG_WARN_OBJC_LITERAL_CONVERSION = YES;
				CLANG_WARN_OBJC_ROOT_CLASS = YES_ERROR;
				CLANG_WARN_RANGE_LOOP_ANALYSIS = YES;
				CLANG_WARN_STRICT_PROTOTYPES = YES;
				CLANG_WARN_SUSPICIOUS_MOVE = YES;
				CLANG_WARN_UNGUARDED_AVAILABILITY = YES_AGGRESSIVE;
				CLANG_WARN_UNREACHABLE_CODE = YES;
				CLANG_WARN__DUPLICATE_METHOD_MATCH = YES;
				COPY_PHASE_STRIP = NO;
				DEBUG_INFORMATION_FORMAT = "dwarf-with-dsym";
				ENABLE_NS_ASSERTIONS = NO;
				ENABLE_STRICT_OBJC_MSGSEND = YES;
				GCC_C_LANGUAGE_STANDARD = gnu11;
				GCC_NO_COMMON_BLOCKS = YES;
				GCC_WARN_64_TO_32_BIT_CONVERSION = YES;
				GCC_WARN_ABOUT_RETURN_TYPE = YES_ERROR;
				GCC_WARN_UNDECLARED_SELECTOR = YES;
				GCC_WARN_UNINITIALIZED_AUTOS = YES_AGGRESSIVE;
				GCC_WARN_UNUSED_FUNCTION = YES;
				GCC_WARN_UNUSED_VARIABLE = YES;
				IPHONEOS_DEPLOYMENT_TARGET = 13.4;
				MTL_ENABLE_DEBUG_INFO = NO;
				MTL_FAST_MATH = YES;
				SDKROOT = iphoneos;
				SWIFT_COMPILATION_MODE = wholemodule;
				SWIFT_OPTIMIZATION_LEVEL = "-O";
				VALIDATE_PRODUCT = YES;
			};
			name = Release;
		};
		6947FB3F2482C2B9005F2A64 /* Debug */ = {
			isa = XCBuildConfiguration;
			buildSettings = {
				ASSETCATALOG_COMPILER_APPICON_NAME = AppIcon;
				CODE_SIGN_STYLE = Automatic;
				DEVELOPMENT_TEAM = 3V3MJH288H;
				INFOPLIST_FILE = Pickasso/Info.plist;
				LD_RUNPATH_SEARCH_PATHS = (
					"$(inherited)",
					"@executable_path/Frameworks",
				);
				MARKETING_VERSION = 0.1.0;
				PRODUCT_BUNDLE_IDENTIFIER = com.esmoscu.Pickasso;
				PRODUCT_NAME = "$(TARGET_NAME)";
				SWIFT_VERSION = 5.0;
				TARGETED_DEVICE_FAMILY = "1,2";
			};
			name = Debug;
		};
		6947FB402482C2B9005F2A64 /* Release */ = {
			isa = XCBuildConfiguration;
			buildSettings = {
				ASSETCATALOG_COMPILER_APPICON_NAME = AppIcon;
				CODE_SIGN_STYLE = Automatic;
				DEVELOPMENT_TEAM = 3V3MJH288H;
				INFOPLIST_FILE = Pickasso/Info.plist;
				LD_RUNPATH_SEARCH_PATHS = (
					"$(inherited)",
					"@executable_path/Frameworks",
				);
				MARKETING_VERSION = 0.1.0;
				PRODUCT_BUNDLE_IDENTIFIER = com.esmoscu.Pickasso;
				PRODUCT_NAME = "$(TARGET_NAME)";
				SWIFT_VERSION = 5.0;
				TARGETED_DEVICE_FAMILY = "1,2";
			};
			name = Release;
		};
/* End XCBuildConfiguration section */

/* Begin XCConfigurationList section */
		6947FB252482C2AE005F2A64 /* Build configuration list for PBXProject "Pickasso" */ = {
			isa = XCConfigurationList;
			buildConfigurations = (
				6947FB3C2482C2B9005F2A64 /* Debug */,
				6947FB3D2482C2B9005F2A64 /* Release */,
			);
			defaultConfigurationIsVisible = 0;
			defaultConfigurationName = Release;
		};
		6947FB3E2482C2B9005F2A64 /* Build configuration list for PBXNativeTarget "Pickasso" */ = {
			isa = XCConfigurationList;
			buildConfigurations = (
				6947FB3F2482C2B9005F2A64 /* Debug */,
				6947FB402482C2B9005F2A64 /* Release */,
			);
			defaultConfigurationIsVisible = 0;
			defaultConfigurationName = Release;
		};
/* End XCConfigurationList section */
	};
	rootObject = 6947FB222482C2AE005F2A64 /* Project object */;
}
